{
  "name": "i2c-pca9685-example",
  "version": "1.0.0",
  "lockfileVersion": 1,
  "requires": true,
  "dependencies": {
    "@chirimen-raspi/chirimen-driver-i2c-pca9685": {
      "version": "1.0.0",
      "resolved": "https://registry.npmjs.org/@chirimen-raspi/chirimen-driver-i2c-pca9685/-/chirimen-driver-i2c-pca9685-1.0.0.tgz",
      "integrity": "sha512-JNsKcLCTJdgnlmGaMTgvRCaJNjt17WoIsmGdMiilWAqsGUaQ7xRj1ife1/C650Syo7F6HKR84Yp40c2pHearlQ=="
    },
    "@chirimen-raspi/polyfill": {
      "version": "1.0.1",
      "resolved": "https://registry.npmjs.org/@chirimen-raspi/polyfill/-/polyfill-1.0.1.tgz",
      "integrity": "sha512-XMNwF/ECJk6MRfaIYblaiJQi49zpwrZFu5DdC1fJqHYethCcOnKr/bgesw2Rfftld4HMclx+4sXyxQo0bY0bZA=="
    }
  }
}
